
Microsoft Visual Studio Solution File, Format Version 12.00
# Visual Studio Version 16
VisualStudioVersion = 16.0.31410.357
MinimumVisualStudioVersion = 10.0.40219.1
Project("{FAE04EC0-301F-11D3-BF4B-00C04F79EFBC}") = "MyFirstProject.Android", "MyFirstProject\MyFirstProject.Android\MyFirstProject.Android.csproj", "{09FFDFBE-F360-4612-8E3F-C052565628C9}"
EndProject
Project("{FAE04EC0-301F-11D3-BF4B-00C04F79EFBC}") = "MyFirstProject.iOS", "MyFirstProject\MyFirstProject.iOS\MyFirstProject.iOS.csproj", "{47F99156-6B77-4CD1-8EEF-2C9B860090FF}"
EndProject
Project("{FAE04EC0-301F-11D3-BF4B-00C04F79EFBC}") = "MyFirstProject", "MyFirstProject\MyFirstProject\MyFirstProject.csproj", "{20FE0742-A15C-418A-9D4A-C3A91269AD59}"
EndProject
Global
	GlobalSection(SolutionConfigurationPlatforms) = preSolution
		Debug|Any CPU = Debug|Any CPU
		Debug|iPhone = Debug|iPhone
		Debug|iPhoneSimulator = Debug|iPhoneSimulator
		Release|Any CPU = Release|Any CPU
		Release|iPhone = Release|iPhone
		Release|iPhoneSimulator = Release|iPhoneSimulator
	EndGlobalSection
	GlobalSection(ProjectConfigurationPlatforms) = postSolution
		{09FFDFBE-F360-4612-8E3F-C052565628C9}.Debug|Any CPU.ActiveCfg = Debug|Any CPU
		{09FFDFBE-F360-4612-8E3F-C052565628C9}.Debug|Any CPU.Build.0 = Debug|Any CPU
		{09FFDFBE-F360-4612-8E3F-C052565628C9}.Debug|Any CPU.Deploy.0 = Debug|Any CPU
		{09FFDFBE-F360-4612-8E3F-C052565628C9}.Debug|iPhone.ActiveCfg = Debug|Any CPU
		{09FFDFBE-F360-4612-8E3F-C052565628C9}.Debug|iPhone.Build.0 = Debug|Any CPU
		{09FFDFBE-F360-4612-8E3F-C052565628C9}.Debug|iPhone.Deploy.0 = Debug|Any CPU
		{09FFDFBE-F360-4612-8E3F-C052565628C9}.Debug|iPhoneSimulator.ActiveCfg = Debug|Any CPU
		{09FFDFBE-F360-4612-8E3F-C052565628C9}.Debug|iPhoneSimulator.Build.0 = Debug|Any CPU
		{09FFDFBE-F360-4612-8E3F-C052565628C9}.Debug|iPhoneSimulator.Deploy.0 = Debug|Any CPU
		{09FFDFBE-F360-4612-8E3F-C052565628C9}.Release|Any CPU.ActiveCfg = Release|Any CPU
		{09FFDFBE-F360-4612-8E3F-C052565628C9}.Release|Any CPU.Build.0 = Release|Any CPU
		{09FFDFBE-F360-4612-8E3F-C052565628C9}.Release|Any CPU.Deploy.0 = Release|Any CPU
		{09FFDFBE-F360-4612-8E3F-C052565628C9}.Release|iPhone.ActiveCfg = Release|Any CPU
		{09FFDFBE-F360-4612-8E3F-C052565628C9}.Release|iPhone.Build.0 = Release|Any CPU
		{09FFDFBE-F360-4612-8E3F-C052565628C9}.Release|iPhone.Deploy.0 = Release|Any CPU
		{09FFDFBE-F360-4612-8E3F-C052565628C9}.Release|iPhoneSimulator.ActiveCfg = Release|Any CPU
		{09FFDFBE-F360-4612-8E3F-C052565628C9}.Release|iPhoneSimulator.Build.0 = Release|Any CPU
		{09FFDFBE-F360-4612-8E3F-C052565628C9}.Release|iPhoneSimulator.Deploy.0 = Release|Any CPU
		{47F99156-6B77-4CD1-8EEF-2C9B860090FF}.Debug|Any CPU.ActiveCfg = Debug|iPhone
		{47F99156-6B77-4CD1-8EEF-2C9B860090FF}.Debug|Any CPU.Build.0 = Debug|iPhone
		{47F99156-6B77-4CD1-8EEF-2C9B860090FF}.Debug|Any CPU.Deploy.0 = Debug|iPhone
		{47F99156-6B77-4CD1-8EEF-2C9B860090FF}.Debug|iPhone.ActiveCfg = Debug|iPhone
		{47F99156-6B77-4CD1-8EEF-2C9B860090FF}.Debug|iPhone.Build.0 = Debug|iPhone
		{47F99156-6B77-4CD1-8EEF-2C9B860090FF}.Debug|iPhone.Deploy.0 = Debug|iPhone
		{47F99156-6B77-4CD1-8EEF-2C9B860090FF}.Debug|iPhoneSimulator.ActiveCfg = Debug|iPhoneSimulator
		{47F99156-6B77-4CD1-8EEF-2C9B860090FF}.Debug|iPhoneSimulator.Build.0 = Debug|iPhoneSimulator
		{47F99156-6B77-4CD1-8EEF-2C9B860090FF}.Debug|iPhoneSimulator.Deploy.0 = Debug|iPhoneSimulator
		{47F99156-6B77-4CD1-8EEF-2C9B860090FF}.Release|Any CPU.ActiveCfg = Release|iPhoneSimulator
		{47F99156-6B77-4CD1-8EEF-2C9B860090FF}.Release|Any CPU.Build.0 = Release|iPhoneSimulator
		{47F99156-6B77-4CD1-8EEF-2C9B860090FF}.Release|Any CPU.Deploy.0 = Release|iPhoneSimulator
		{47F99156-6B77-4CD1-8EEF-2C9B860090FF}.Release|iPhone.ActiveCfg = Release|iPhone
		{47F99156-6B77-4CD1-8EEF-2C9B860090FF}.Release|iPhone.Build.0 = Release|iPhone
		{47F99156-6B77-4CD1-8EEF-2C9B860090FF}.Release|iPhone.Deploy.0 = Release|iPhone
		{47F99156-6B77-4CD1-8EEF-2C9B860090FF}.Release|iPhoneSimulator.ActiveCfg = Release|iPhoneSimulator
		{47F99156-6B77-4CD1-8EEF-2C9B860090FF}.Release|iPhoneSimulator.Build.0 = Release|iPhoneSimulator
		{47F99156-6B77-4CD1-8EEF-2C9B860090FF}.Release|iPhoneSimulator.Deploy.0 = Release|iPhoneSimulator
		{20FE0742-A15C-418A-9D4A-C3A91269AD59}.Debug|Any CPU.ActiveCfg = Debug|Any CPU
		{20FE0742-A15C-418A-9D4A-C3A91269AD59}.Debug|Any CPU.Build.0 = Debug|Any CPU
		{20FE0742-A15C-418A-9D4A-C3A91269AD59}.Debug|Any CPU.Deploy.0 = Debug|Any CPU
		{20FE0742-A15C-418A-9D4A-C3A91269AD59}.Debug|iPhone.ActiveCfg = Debug|Any CPU
		{20FE0742-A15C-418A-9D4A-C3A91269AD59}.Debug|iPhone.Build.0 = Debug|Any CPU
		{20FE0742-A15C-418A-9D4A-C3A91269AD59}.Debug|iPhone.Deploy.0 = Debug|Any CPU
		{20FE0742-A15C-418A-9D4A-C3A91269AD59}.Debug|iPhoneSimulator.ActiveCfg = Debug|Any CPU
		{20FE0742-A15C-418A-9D4A-C3A91269AD59}.Debug|iPhoneSimulator.Build.0 = Debug|Any CPU
		{20FE0742-A15C-418A-9D4A-C3A91269AD59}.Debug|iPhoneSimulator.Deploy.0 = Debug|Any CPU
		{20FE0742-A15C-418A-9D4A-C3A91269AD59}.Release|Any CPU.ActiveCfg = Release|Any CPU
		{20FE0742-A15C-418A-9D4A-C3A91269AD59}.Release|Any CPU.Build.0 = Release|Any CPU
		{20FE0742-A15C-418A-9D4A-C3A91269AD59}.Release|Any CPU.Deploy.0 = Release|Any CPU
		{20FE0742-A15C-418A-9D4A-C3A91269AD59}.Release|iPhone.ActiveCfg = Release|Any CPU
		{20FE0742-A15C-418A-9D4A-C3A91269AD59}.Release|iPhone.Build.0 = Release|Any CPU
		{20FE0742-A15C-418A-9D4A-C3A91269AD59}.Release|iPhone.Deploy.0 = Release|Any CPU
		{20FE0742-A15C-418A-9D4A-C3A91269AD59}.Release|iPhoneSimulator.ActiveCfg = Release|Any CPU
		{20FE0742-A15C-418A-9D4A-C3A91269AD59}.Release|iPhoneSimulator.Build.0 = Release|Any CPU
		{20FE0742-A15C-418A-9D4A-C3A91269AD59}.Release|iPhoneSimulator.Deploy.0 = Release|Any CPU
	EndGlobalSection
	GlobalSection(SolutionProperties) = preSolution
		HideSolutionNode = FALSE
	EndGlobalSection
	GlobalSection(ExtensibilityGlobals) = postSolution
		SolutionGuid = {D07B1CC0-4C55-4424-9E16-F94CCD5DDB3D}
	EndGlobalSection
EndGlobal
